// !$*UTF8*$!
{
	archiveVersion = 1;
	classes = {
	};
	objectVersion = 48;
	objects = {

/* Begin PBXBuildFile section */
		10673ED6203958B60008AE5E /* LaunchAnimationController.swift in Sources */ = {isa = PBXBuildFile; fileRef = 10673ED5203958B60008AE5E /* LaunchAnimationController.swift */; };
		10673ED8203961AE0008AE5E /* PresentVCSegue.swift in Sources */ = {isa = PBXBuildFile; fileRef = 10673ED7203961AE0008AE5E /* PresentVCSegue.swift */; };
		10673EDA2039B90C0008AE5E /* ViewWithCircularHole.swift in Sources */ = {isa = PBXBuildFile; fileRef = 10673ED92039B90C0008AE5E /* ViewWithCircularHole.swift */; };
		10E92D1320372D500056C837 /* AppDelegate.swift in Sources */ = {isa = PBXBuildFile; fileRef = 10E92D1220372D500056C837 /* AppDelegate.swift */; };
		10E92D1520372D500056C837 /* RootViewController.swift in Sources */ = {isa = PBXBuildFile; fileRef = 10E92D1420372D500056C837 /* RootViewController.swift */; };
		10E92D1720372D500056C837 /* DataViewController.swift in Sources */ = {isa = PBXBuildFile; fileRef = 10E92D1620372D500056C837 /* DataViewController.swift */; };
		10E92D1920372D500056C837 /* ModelController.swift in Sources */ = {isa = PBXBuildFile; fileRef = 10E92D1820372D500056C837 /* ModelController.swift */; };
		10E92D1C20372D500056C837 /* Main.storyboard in Resources */ = {isa = PBXBuildFile; fileRef = 10E92D1A20372D500056C837 /* Main.storyboard */; };
		10E92D1E20372D500056C837 /* Assets.xcassets in Resources */ = {isa = PBXBuildFile; fileRef = 10E92D1D20372D500056C837 /* Assets.xcassets */; };
		10E92D2120372D500056C837 /* LaunchScreen.storyboard in Resources */ = {isa = PBXBuildFile; fileRef = 10E92D1F20372D500056C837 /* LaunchScreen.storyboard */; };
		10E92D2920374D740056C837 /* MainViewController.swift in Sources */ = {isa = PBXBuildFile; fileRef = 10E92D2820374D740056C837 /* MainViewController.swift */; };
/* End PBXBuildFile section */

/* Begin PBXFileReference section */
		10673ED5203958B60008AE5E /* LaunchAnimationController.swift */ = {isa = PBXFileReference; lastKnownFileType = sourcecode.swift; path = LaunchAnimationController.swift; sourceTree = "<group>"; };
		10673ED7203961AE0008AE5E /* PresentVCSegue.swift */ = {isa = PBXFileReference; lastKnownFileType = sourcecode.swift; path = PresentVCSegue.swift; sourceTree = "<group>"; };
		10673ED92039B90C0008AE5E /* ViewWithCircularHole.swift */ = {isa = PBXFileReference; lastKnownFileType = sourcecode.swift; path = ViewWithCircularHole.swift; sourceTree = "<group>"; };
		10E92D0F20372D500056C837 /* Segue.app */ = {isa = PBXFileReference; explicitFileType = wrapper.application; includeInIndex = 0; path = Segue.app; sourceTree = BUILT_PRODUCTS_DIR; };
		10E92D1220372D500056C837 /* AppDelegate.swift */ = {isa = PBXFileReference; lastKnownFileType = sourcecode.swift; path = AppDelegate.swift; sourceTree = "<group>"; };
		10E92D1420372D500056C837 /* RootViewController.swift */ = {isa = PBXFileReference; lastKnownFileType = sourcecode.swift; path = RootViewController.swift; sourceTree = "<group>"; };
		10E92D1620372D500056C837 /* DataViewController.swift */ = {isa = PBXFileReference; lastKnownFileType = sourcecode.swift; path = DataViewController.swift; sourceTree = "<group>"; };
		10E92D1820372D500056C837 /* ModelController.swift */ = {isa = PBXFileReference; lastKnownFileType = sourcecode.swift; path = ModelController.swift; sourceTree = "<group>"; };
		10E92D1B20372D500056C837 /* Base */ = {isa = PBXFileReference; lastKnownFileType = file.storyboard; name = Base; path = Base.lproj/Main.storyboard; sourceTree = "<group>"; };
		10E92D1D20372D500056C837 /* Assets.xcassets */ = {isa = PBXFileReference; lastKnownFileType = folder.assetcatalog; path = Assets.xcassets; sourceTree = "<group>"; };
		10E92D2020372D500056C837 /* Base */ = {isa = PBXFileReference; lastKnownFileType = file.storyboard; name = Base; path = Base.lproj/LaunchScreen.storyboard; sourceTree = "<group>"; };
		10E92D2220372D500056C837 /* Info.plist */ = {isa = PBXFileReference; lastKnownFileType = text.plist.xml; path = Info.plist; sourceTree = "<group>"; };
		10E92D2820374D740056C837 /* MainViewController.swift */ = {isa = PBXFileReference; lastKnownFileType = sourcecode.swift; path = MainViewController.swift; sourceTree = "<group>"; };
/* End PBXFileReference section */

/* Begin PBXFrameworksBuildPhase section */
		10E92D0C20372D500056C837 /* Frameworks */ = {
			isa = PBXFrameworksBuildPhase;
			buildActionMask = 2147483647;
			files = (
			);
			runOnlyForDeploymentPostprocessing = 0;
		};
/* End PBXFrameworksBuildPhase section */

/* Begin PBXGroup section */
		10E92D0620372D500056C837 = {
			isa = PBXGroup;
			children = (
				10E92D1120372D500056C837 /* Segue */,
				10E92D1020372D500056C837 /* Products */,
			);
			sourceTree = "<group>";
		};
		10E92D1020372D500056C837 /* Products */ = {
			isa = PBXGroup;
			children = (
				10E92D0F20372D500056C837 /* Segue.app */,
			);
			name = Products;
			sourceTree = "<group>";
		};
		10E92D1120372D500056C837 /* Segue */ = {
			isa = PBXGroup;
			children = (
				10E92D1220372D500056C837 /* AppDelegate.swift */,
				10E92D1420372D500056C837 /* RootViewController.swift */,
				10E92D1620372D500056C837 /* DataViewController.swift */,
				10E92D1820372D500056C837 /* ModelController.swift */,
				10E92D1A20372D500056C837 /* Main.storyboard */,
				10E92D1D20372D500056C837 /* Assets.xcassets */,
				10E92D1F20372D500056C837 /* LaunchScreen.storyboard */,
				10E92D2220372D500056C837 /* Info.plist */,
				10E92D2820374D740056C837 /* MainViewController.swift */,
				10673ED5203958B60008AE5E /* LaunchAnimationController.swift */,
				10673ED7203961AE0008AE5E /* PresentVCSegue.swift */,
				10673ED92039B90C0008AE5E /* ViewWithCircularHole.swift */,
			);
			path = Segue;
			sourceTree = "<group>";
		};
/* End PBXGroup section */

/* Begin PBXNativeTarget section */
		10E92D0E20372D500056C837 /* Segue */ = {
			isa = PBXNativeTarget;
			buildConfigurationList = 10E92D2520372D500056C837 /* Build configuration list for PBXNativeTarget "Segue" */;
			buildPhases = (
				10E92D0B20372D500056C837 /* Sources */,
				10E92D0C20372D500056C837 /* Frameworks */,
				10E92D0D20372D500056C837 /* Resources */,
			);
			buildRules = (
			);
			dependencies = (
			);
			name = Segue;
			productName = Segue;
			productReference = 10E92D0F20372D500056C837 /* Segue.app */;
			productType = "com.apple.product-type.application";
		};
/* End PBXNativeTarget section */

/* Begin PBXProject section */
		10E92D0720372D500056C837 /* Project object */ = {
			isa = PBXProject;
			attributes = {
				LastSwiftUpdateCheck = 0920;
				LastUpgradeCheck = 0920;
				ORGANIZATIONNAME = db42.in;
				TargetAttributes = {
					10E92D0E20372D500056C837 = {
						CreatedOnToolsVersion = 9.2;
						ProvisioningStyle = Automatic;
					};
				};
			};
			buildConfigurationList = 10E92D0A20372D500056C837 /* Build configuration list for PBXProject "Segue" */;
			compatibilityVersion = "Xcode 8.0";
			developmentRegion = en;
			hasScannedForEncodings = 0;
			knownRegions = (
				en,
				Base,
			);
			mainGroup = 10E92D0620372D500056C837;
			productRefGroup = 10E92D1020372D500056C837 /* Products */;
			projectDirPath = "";
			projectRoot = "";
			targets = (
				10E92D0E20372D500056C837 /* Segue */,
			);
		};
/* End PBXProject section */

/* Begin PBXResourcesBuildPhase section */
		10E92D0D20372D500056C837 /* Resources */ = {
			isa = PBXResourcesBuildPhase;
			buildActionMask = 2147483647;
			files = (
				10E92D2120372D500056C837 /* LaunchScreen.storyboard in Resources */,
				10E92D1E20372D500056C837 /* Assets.xcassets in Resources */,
				10E92D1C20372D500056C837 /* Main.storyboard in Resources */,
			);
			runOnlyForDeploymentPostprocessing = 0;
		};
/* End PBXResourcesBuildPhase section */

/* Begin PBXSourcesBuildPhase section */
		10E92D0B20372D500056C837 /* Sources */ = {
			isa = PBXSourcesBuildPhase;
			buildActionMask = 2147483647;
			files = (
				10E92D1520372D500056C837 /* RootViewController.swift in Sources */,
				10673EDA2039B90C0008AE5E /* ViewWithCircularHole.swift in Sources */,
				10E92D1920372D500056C837 /* ModelController.swift in Sources */,
				10E92D1720372D500056C837 /* DataViewController.swift in Sources */,
				10673ED6203958B60008AE5E /* LaunchAnimationController.swift in Sources */,
				10E92D1320372D500056C837 /* AppDelegate.swift in Sources */,
				10E92D2920374D740056C837 /* MainViewController.swift in Sources */,
				10673ED8203961AE0008AE5E /* PresentVCSegue.swift in Sources */,
			);
			runOnlyForDeploymentPostprocessing = 0;
		};
/* End PBXSourcesBuildPhase section */

/* Begin PBXVariantGroup section */
		10E92D1A20372D500056C837 /* Main.storyboard */ = {
			isa = PBXVariantGroup;
			children = (
				10E92D1B20372D500056C837 /* Base */,
			);
			name = Main.storyboard;
			sourceTree = "<group>";
		};
		10E92D1F20372D500056C837 /* LaunchScreen.storyboard */ = {
			isa = PBXVariantGroup;
			children = (
				10E92D2020372D500056C837 /* Base */,
			);
			name = LaunchScreen.storyboard;
			sourceTree = "<group>";
		};
/* End PBXVariantGroup section */

/* Begin XCBuildConfiguration section */
		10E92D2320372D500056C837 /* Debug */ = {
			isa = XCBuildConfiguration;
			buildSettings = {
				ALWAYS_SEARCH_USER_PATHS = NO;
				CLANG_ANALYZER_NONNULL = YES;
				CLANG_ANALYZER_NUMBER_OBJECT_CONVERSION = YES_AGGRESSIVE;
				CLANG_CXX_LANGUAGE_STANDARD = "gnu++14";
				CLANG_CXX_LIBRARY = "libc++";
				CLANG_ENABLE_MODULES = YES;
				CLANG_ENABLE_OBJC_ARC = YES;
				CLANG_WARN_BLOCK_CAPTURE_AUTORELEASING = YES;
				CLANG_WARN_BOOL_CONVERSION = YES;
				CLANG_WARN_COMMA = YES;
				CLANG_WARN_CONSTANT_CONVERSION = YES;
				CLANG_WARN_DIRECT_OBJC_ISA_USAGE = YES_ERROR;
				CLANG_WARN_DOCUMENTATION_COMMENTS = YES;
				CLANG_WARN_EMPTY_BODY = YES;
				CLANG_WARN_ENUM_CONVERSION = YES;
				CLANG_WARN_INFINITE_RECURSION = YES;
				CLANG_WARN_INT_CONVERSION = YES;
				CLANG_WARN_NON_LITERAL_NULL_CONVERSION = YES;
				CLANG_WARN_OBJC_LITERAL_CONVERSION = YES;
				CLANG_WARN_OBJC_ROOT_CLASS = YES_ERROR;
				CLANG_WARN_RANGE_LOOP_ANALYSIS = YES;
				CLANG_WARN_STRICT_PROTOTYPES = YES;
				CLANG_WARN_SUSPICIOUS_MOVE = YES;
				CLANG_WARN_UNGUARDED_AVAILABILITY = YES_AGGRESSIVE;
				CLANG_WARN_UNREACHABLE_CODE = YES;
				CLANG_WARN__DUPLICATE_METHOD_MATCH = YES;
				CODE_SIGN_IDENTITY = "iPhone Developer";
				COPY_PHASE_STRIP = NO;
				DEBUG_INFORMATION_FORMAT = dwarf;
				ENABLE_STRICT_OBJC_MSGSEND = YES;
				ENABLE_TESTABILITY = YES;
				GCC_C_LANGUAGE_STANDARD = gnu11;
				GCC_DYNAMIC_NO_PIC = NO;
				GCC_NO_COMMON_BLOCKS = YES;
				GCC_OPTIMIZATION_LEVEL = 0;
				GCC_PREPROCESSOR_DEFINITIONS = (
					"DEBUG=1",
					"$(inherited)",
				);
				GCC_WARN_64_TO_32_BIT_CONVERSION = YES;
				GCC_WARN_ABOUT_RETURN_TYPE = YES_ERROR;
				GCC_WARN_UNDECLARED_SELECTOR = YES;
				GCC_WARN_UNINITIALIZED_AUTOS = YES_AGGRESSIVE;
				GCC_WARN_UNUSED_FUNCTION = YES;
				GCC_WARN_UNUSED_VARIABLE = YES;
				IPHONEOS_DEPLOYMENT_TARGET = 11.2;
				MTL_ENABLE_DEBUG_INFO = YES;
				ONLY_ACTIVE_ARCH = YES;
				SDKROOT = iphoneos;
				SWIFT_ACTIVE_COMPILATION_CONDITIONS = DEBUG;
				SWIFT_OPTIMIZATION_LEVEL = "-Onone";
			};
			name = Debug;
		};
		10E92D2420372D500056C837 /* Release */ = {
			isa = XCBuildConfiguration;
			buildSettings = {
				ALWAYS_SEARCH_USER_PATHS = NO;
				CLANG_ANALYZER_NONNULL = YES;
				CLANG_ANALYZER_NUMBER_OBJECT_CONVERSION = YES_AGGRESSIVE;
				CLANG_CXX_LANGUAGE_STANDARD = "gnu++14";
				CLANG_CXX_LIBRARY = "libc++";
				CLANG_ENABLE_MODULES = YES;
				CLANG_ENABLE_OBJC_ARC = YES;
				CLANG_WARN_BLOCK_CAPTURE_AUTORELEASING = YES;
				CLANG_WARN_BOOL_CONVERSION = YES;
				CLANG_WARN_COMMA = YES;
				CLANG_WARN_CONSTANT_CONVERSION = YES;
				CLANG_WARN_DIRECT_OBJC_ISA_USAGE = YES_ERROR;
				CLANG_WARN_DOCUMENTATION_COMMENTS = YES;
				CLANG_WARN_EMPTY_BODY = YES;
				CLANG_WARN_ENUM_CONVERSION = YES;
				CLANG_WARN_INFINITE_RECURSION = YES;
				CLANG_WARN_INT_CONVERSION = YES;
				CLANG_WARN_NON_LITERAL_NULL_CONVERSION = YES;
				CLANG_WARN_OBJC_LITERAL_CONVERSION = YES;
				CLANG_WARN_OBJC_ROOT_CLASS = YES_ERROR;
				CLANG_WARN_RANGE_LOOP_ANALYSIS = YES;
				CLANG_WARN_STRICT_PROTOTYPES = YES;
				CLANG_WARN_SUSPICIOUS_MOVE = YES;
				CLANG_WARN_UNGUARDED_AVAILABILITY = YES_AGGRESSIVE;
				CLANG_WARN_UNREACHABLE_CODE = YES;
				CLANG_WARN__DUPLICATE_METHOD_MATCH = YES;
				CODE_SIGN_IDENTITY = "iPhone Developer";
				COPY_PHASE_STRIP = NO;
				DEBUG_INFORMATION_FORMAT = "dwarf-with-dsym";
				ENABLE_NS_ASSERTIONS = NO;
				ENABLE_STRICT_OBJC_MSGSEND = YES;
				GCC_C_LANGUAGE_STANDARD = gnu11;
				GCC_NO_COMMON_BLOCKS = YES;
				GCC_WARN_64_TO_32_BIT_CONVERSION = YES;
				GCC_WARN_ABOUT_RETURN_TYPE = YES_ERROR;
				GCC_WARN_UNDECLARED_SELECTOR = YES;
				GCC_WARN_UNINITIALIZED_AUTOS = YES_AGGRESSIVE;
				GCC_WARN_UNUSED_FUNCTION = YES;
				GCC_WARN_UNUSED_VARIABLE = YES;
				IPHONEOS_DEPLOYMENT_TARGET = 11.2;
				MTL_ENABLE_DEBUG_INFO = NO;
				SDKROOT = iphoneos;
				SWIFT_OPTIMIZATION_LEVEL = "-Owholemodule";
				VALIDATE_PRODUCT = YES;
			};
			name = Release;
		};
		10E92D2620372D500056C837 /* Debug */ = {
			isa = XCBuildConfiguration;
			buildSettings = {
				ASSETCATALOG_COMPILER_APPICON_NAME = AppIcon;
				CODE_SIGN_STYLE = Automatic;
				DEVELOPMENT_TEAM = VAMXK522JT;
				INFOPLIST_FILE = Segue/Info.plist;
				LD_RUNPATH_SEARCH_PATHS = "$(inherited) @executable_path/Frameworks";
				PRODUCT_BUNDLE_IDENTIFIER = in.db42.Segue;
				PRODUCT_NAME = "$(TARGET_NAME)";
				SWIFT_VERSION = 4.0;
				TARGETED_DEVICE_FAMILY = "1,2";
			};
			name = Debug;
		};
		10E92D2720372D500056C837 /* Release */ = {
			isa = XCBuildConfiguration;
			buildSettings = {
				ASSETCATALOG_COMPILER_APPICON_NAME = AppIcon;
				CODE_SIGN_STYLE = Automatic;
				DEVELOPMENT_TEAM = VAMXK522JT;
				INFOPLIST_FILE = Segue/Info.plist;
				LD_RUNPATH_SEARCH_PATHS = "$(inherited) @executable_path/Frameworks";
				PRODUCT_BUNDLE_IDENTIFIER = in.db42.Segue;
				PRODUCT_NAME = "$(TARGET_NAME)";
				SWIFT_VERSION = 4.0;
				TARGETED_DEVICE_FAMILY = "1,2";
			};
			name = Release;
		};
/* End XCBuildConfiguration section */

/* Begin XCConfigurationList section */
		10E92D0A20372D500056C837 /* Build configuration list for PBXProject "Segue" */ = {
			isa = XCConfigurationList;
			buildConfigurations = (
				10E92D2320372D500056C837 /* Debug */,
				10E92D2420372D500056C837 /* Release */,
			);
			defaultConfigurationIsVisible = 0;
			defaultConfigurationName = Release;
		};
		10E92D2520372D500056C837 /* Build configuration list for PBXNativeTarget "Segue" */ = {
			isa = XCConfigurationList;
			buildConfigurations = (
				10E92D2620372D500056C837 /* Debug */,
				10E92D2720372D500056C837 /* Release */,
			);
			defaultConfigurationIsVisible = 0;
			defaultConfigurationName = Release;
		};
/* End XCConfigurationList section */
	};
	rootObject = 10E92D0720372D500056C837 /* Project object */;
}
